
Microsoft Visual Studio Solution File, Format Version 12.00
# Visual Studio Version 17
VisualStudioVersion = 17.9.34723.18
MinimumVisualStudioVersion = 10.0.40219.1
Project("{FAE04EC0-301F-11D3-BF4B-00C04F79EFBC}") = "BlogASP.NETMVCApp", "BlogASP.NETMVCApp\BlogASP.NETMVCApp.csproj", "{B3E36EE7-F915-4F87-8954-4B92A40A2976}"
EndProject
Global
	GlobalSection(SolutionConfigurationPlatforms) = preSolution
		Debug|Any CPU = Debug|Any CPU
		Release|Any CPU = Release|Any CPU
	EndGlobalSection
	GlobalSection(ProjectConfigurationPlatforms) = postSolution
		{B3E36EE7-F915-4F87-8954-4B92A40A2976}.Debug|Any CPU.ActiveCfg = Debug|Any CPU
		{B3E36EE7-F915-4F87-8954-4B92A40A2976}.Debug|Any CPU.Build.0 = Debug|Any CPU
		{B3E36EE7-F915-4F87-8954-4B92A40A2976}.Release|Any CPU.ActiveCfg = Release|Any CPU
		{B3E36EE7-F915-4F87-8954-4B92A40A2976}.Release|Any CPU.Build.0 = Release|Any CPU
	EndGlobalSection
	GlobalSection(SolutionProperties) = preSolution
		HideSolutionNode = FALSE
	EndGlobalSection
	GlobalSection(ExtensibilityGlobals) = postSolution
		SolutionGuid = {6161C765-56DF-4D62-9A52-0656516A1289}
	EndGlobalSection
EndGlobal
